Microsoft Visual Studio Solution File, Format Version 11.00
# Visual C++ Express 2010
Project("{8BC9CEB8-8B4A-11D0-8D11-00A0C91BC942}") = "Clunibus", "Clunibus.vcxproj", "{0768E14C-1987-4AA4-BFE0-15664F0FD123}"
EndProject
Project("{8BC9CEB8-8B4A-11D0-8D11-00A0C91BC942}") = "Clunibus-win32", "win32\Clunibus-win32.vcxproj", "{64FD143E-7F53-48B3-B239-9FC8124339B0}"
EndProject
Global
	GlobalSection(SolutionConfigurationPlatforms) = preSolution
		Debug|Win32 = Debug|Win32
		Release|Win32 = Release|Win32
	EndGlobalSection
	GlobalSection(ProjectConfigurationPlatforms) = postSolution
		{0768E14C-1987-4AA4-BFE0-15664F0FD123}.Debug|Win32.ActiveCfg = Debug|Win32
		{0768E14C-1987-4AA4-BFE0-15664F0FD123}.Debug|Win32.Build.0 = Debug|Win32
		{0768E14C-1987-4AA4-BFE0-15664F0FD123}.Release|Win32.ActiveCfg = Release|Win32
		{0768E14C-1987-4AA4-BFE0-15664F0FD123}.Release|Win32.Build.0 = Release|Win32
		{64FD143E-7F53-48B3-B239-9FC8124339B0}.Debug|Win32.ActiveCfg = Debug|Win32
		{64FD143E-7F53-48B3-B239-9FC8124339B0}.Debug|Win32.Build.0 = Debug|Win32
		{64FD143E-7F53-48B3-B239-9FC8124339B0}.Release|Win32.ActiveCfg = Release|Win32
		{64FD143E-7F53-48B3-B239-9FC8124339B0}.Release|Win32.Build.0 = Release|Win32
	EndGlobalSection
	GlobalSection(SolutionProperties) = preSolution
		HideSolutionNode = FALSE
	EndGlobalSection
EndGlobal
